// !$*UTF8*$!
{
	archiveVersion = 1;
	classes = {
	};
	objectVersion = 55;
	objects = {

/* Begin PBXBuildFile section */
		70B6C8487D10A1F2D6FA62FB /* Pods_SelectorCardModuleTests.framework in Frameworks */ = {isa = PBXBuildFile; fileRef = D6BD7E926C6DC40167E3F035 /* Pods_SelectorCardModuleTests.framework */; };
		A912942C29942B19005D0987 /* UiView+Extension.swift in Sources */ = {isa = PBXBuildFile; fileRef = A912942B29942B19005D0987 /* UiView+Extension.swift */; };
		A916746F2992BA8200A09DC0 /* CardsViewLayout.swift in Sources */ = {isa = PBXBuildFile; fileRef = A916746E2992BA8200A09DC0 /* CardsViewLayout.swift */; };
		A92E03D229899A4A0009C44B /* Presenter.swift in Sources */ = {isa = PBXBuildFile; fileRef = A92E03D129899A4A0009C44B /* Presenter.swift */; };
		A92E03D5298AA0A60009C44B /* Wiframe.swift in Sources */ = {isa = PBXBuildFile; fileRef = A92E03D4298AA0A60009C44B /* Wiframe.swift */; };
		A92E03E5298B16570009C44B /* ModuleSelectorCard.swift in Sources */ = {isa = PBXBuildFile; fileRef = A92E03E4298B16570009C44B /* ModuleSelectorCard.swift */; };
		A92E03E8298BE5D00009C44B /* SelectorCardPresenter.swift in Sources */ = {isa = PBXBuildFile; fileRef = A92E03E7298BE5D00009C44B /* SelectorCardPresenter.swift */; };
		A92E03EB298BE6690009C44B /* SelectorCardWiframe.swift in Sources */ = {isa = PBXBuildFile; fileRef = A92E03EA298BE6690009C44B /* SelectorCardWiframe.swift */; };
		A92E03ED298BE9920009C44B /* SelectorCardController.swift in Sources */ = {isa = PBXBuildFile; fileRef = A92E03EC298BE9920009C44B /* SelectorCardController.swift */; };
		A92E03F1298BF8230009C44B /* CardsViewCell.swift in Sources */ = {isa = PBXBuildFile; fileRef = A92E03EF298BF8230009C44B /* CardsViewCell.swift */; };
		A92E03F2298BF8230009C44B /* CardsViewCell.xib in Resources */ = {isa = PBXBuildFile; fileRef = A92E03F0298BF8230009C44B /* CardsViewCell.xib */; };
		A9B78C48299574AE004121AC /* assets.xcassets in Resources */ = {isa = PBXBuildFile; fileRef = A9B78C47299574AE004121AC /* assets.xcassets */; };
		A9C7B09C2990BCA1005BC25C /* SelectorCardDataSource.swift in Sources */ = {isa = PBXBuildFile; fileRef = A9C7B09B2990BCA1005BC25C /* SelectorCardDataSource.swift */; };
		A9C7B09E2990BD69005BC25C /* Section.swift in Sources */ = {isa = PBXBuildFile; fileRef = A9C7B09D2990BD69005BC25C /* Section.swift */; };
		A9C7B0A429915265005BC25C /* cardStore200.json in Resources */ = {isa = PBXBuildFile; fileRef = A9C7B0A329915265005BC25C /* cardStore200.json */; };
		A9C7B0A629915288005BC25C /* DataManager.swift in Sources */ = {isa = PBXBuildFile; fileRef = A9C7B0A529915288005BC25C /* DataManager.swift */; };
		A9C7B0AA29915546005BC25C /* CardDataModel.swift in Sources */ = {isa = PBXBuildFile; fileRef = A9C7B0A929915546005BC25C /* CardDataModel.swift */; };
		A9C7B0AC29915C09005BC25C /* PaymentModel.swift in Sources */ = {isa = PBXBuildFile; fileRef = A9C7B0AB29915C09005BC25C /* PaymentModel.swift */; };
		A9C7B0AE29915C28005BC25C /* ProductsModel.swift in Sources */ = {isa = PBXBuildFile; fileRef = A9C7B0AD29915C28005BC25C /* ProductsModel.swift */; };
		A9CAFC1029894EAB00D66CFF /* AppDelegate.swift in Sources */ = {isa = PBXBuildFile; fileRef = A9CAFC0F29894EAB00D66CFF /* AppDelegate.swift */; };
		A9CAFC1229894EAB00D66CFF /* SceneDelegate.swift in Sources */ = {isa = PBXBuildFile; fileRef = A9CAFC1129894EAB00D66CFF /* SceneDelegate.swift */; };
		A9CAFC1429894EAB00D66CFF /* ViewController.swift in Sources */ = {isa = PBXBuildFile; fileRef = A9CAFC1329894EAB00D66CFF /* ViewController.swift */; };
		A9CAFC1C29894EAD00D66CFF /* LaunchScreen.storyboard in Resources */ = {isa = PBXBuildFile; fileRef = A9CAFC1A29894EAD00D66CFF /* LaunchScreen.storyboard */; };
		A9CAFC2729894EAD00D66CFF /* SelectorCardModuleTests.swift in Sources */ = {isa = PBXBuildFile; fileRef = A9CAFC2629894EAD00D66CFF /* SelectorCardModuleTests.swift */; };
		A9CAFC3129894EAD00D66CFF /* SelectorCardModuleUITests.swift in Sources */ = {isa = PBXBuildFile; fileRef = A9CAFC3029894EAD00D66CFF /* SelectorCardModuleUITests.swift */; };
		A9CAFC3329894EAD00D66CFF /* SelectorCardModuleUITestsLaunchTests.swift in Sources */ = {isa = PBXBuildFile; fileRef = A9CAFC3229894EAD00D66CFF /* SelectorCardModuleUITestsLaunchTests.swift */; };
		A9E6C2372995866B0005890B /* DescriptionCardViewCell.swift in Sources */ = {isa = PBXBuildFile; fileRef = A9E6C2352995866B0005890B /* DescriptionCardViewCell.swift */; };
		A9E6C2382995866B0005890B /* DescriptionCardViewCell.xib in Resources */ = {isa = PBXBuildFile; fileRef = A9E6C2362995866B0005890B /* DescriptionCardViewCell.xib */; };
		A9E6C23C299AAA290005890B /* CardDeliveryController.swift in Sources */ = {isa = PBXBuildFile; fileRef = A9E6C23B299AAA290005890B /* CardDeliveryController.swift */; };
		A9E6C23F299AAA730005890B /* CardDeliveryWiframe.swift in Sources */ = {isa = PBXBuildFile; fileRef = A9E6C23E299AAA730005890B /* CardDeliveryWiframe.swift */; };
		A9E6C242299AAACA0005890B /* CardDeliveryPresenter.swift in Sources */ = {isa = PBXBuildFile; fileRef = A9E6C241299AAACA0005890B /* CardDeliveryPresenter.swift */; };
		A9E6C245299AAD010005890B /* ModuleCardDelivery.swift in Sources */ = {isa = PBXBuildFile; fileRef = A9E6C244299AAD010005890B /* ModuleCardDelivery.swift */; };
		A9E6C247299AB4750005890B /* CardDeliveryView.swift in Sources */ = {isa = PBXBuildFile; fileRef = A9E6C246299AB4750005890B /* CardDeliveryView.swift */; };
		B0F338D8D13F9495975913E1 /* Pods_SelectorCardModule.framework in Frameworks */ = {isa = PBXBuildFile; fileRef = F4F7AAB7ECC8C0BBDA1B5798 /* Pods_SelectorCardModule.framework */; };
		B860EB67F56F87428DDF0171 /* Pods_SelectorCardModule_SelectorCardModuleUITests.framework in Frameworks */ = {isa = PBXBuildFile; fileRef = 6A81B96A7FCC7EE1AC99E8A0 /* Pods_SelectorCardModule_SelectorCardModuleUITests.framework */; };
/* End PBXBuildFile section */

/* Begin PBXContainerItemProxy section */
		A9CAFC2329894EAD00D66CFF /* PBXContainerItemProxy */ = {
			isa = PBXContainerItemProxy;
			containerPortal = A9CAFC0429894EAB00D66CFF /* Project object */;
			proxyType = 1;
			remoteGlobalIDString = A9CAFC0B29894EAB00D66CFF;
			remoteInfo = SelectorCardModule;
		};
		A9CAFC2D29894EAD00D66CFF /* PBXContainerItemProxy */ = {
			isa = PBXContainerItemProxy;
			containerPortal = A9CAFC0429894EAB00D66CFF /* Project object */;
			proxyType = 1;
			remoteGlobalIDString = A9CAFC0B29894EAB00D66CFF;
			remoteInfo = SelectorCardModule;
		};
/* End PBXContainerItemProxy section */

/* Begin PBXFileReference section */
		05CFCA33D4858962BEFC9EE2 /* Pods-SelectorCardModule-SelectorCardModuleUITests.release.xcconfig */ = {isa = PBXFileReference; includeInIndex = 1; lastKnownFileType = text.xcconfig; name = "Pods-SelectorCardModule-SelectorCardModuleUITests.release.xcconfig"; path = "Target Support Files/Pods-SelectorCardModule-SelectorCardModuleUITests/Pods-SelectorCardModule-SelectorCardModuleUITests.release.xcconfig"; sourceTree = "<group>"; };
		31B0E8309656160B4FF6D234 /* Pods-SelectorCardModule.debug.xcconfig */ = {isa = PBXFileReference; includeInIndex = 1; lastKnownFileType = text.xcconfig; name = "Pods-SelectorCardModule.debug.xcconfig"; path = "Target Support Files/Pods-SelectorCardModule/Pods-SelectorCardModule.debug.xcconfig"; sourceTree = "<group>"; };
		3D5765AA7CA4115DC909AA48 /* Pods-SelectorCardModuleTests.release.xcconfig */ = {isa = PBXFileReference; includeInIndex = 1; lastKnownFileType = text.xcconfig; name = "Pods-SelectorCardModuleTests.release.xcconfig"; path = "Target Support Files/Pods-SelectorCardModuleTests/Pods-SelectorCardModuleTests.release.xcconfig"; sourceTree = "<group>"; };
		4940CBC775556C22EB9045AB /* Pods-SelectorCardModule-SelectorCardModuleUITests.debug.xcconfig */ = {isa = PBXFileReference; includeInIndex = 1; lastKnownFileType = text.xcconfig; name = "Pods-SelectorCardModule-SelectorCardModuleUITests.debug.xcconfig"; path = "Target Support Files/Pods-SelectorCardModule-SelectorCardModuleUITests/Pods-SelectorCardModule-SelectorCardModuleUITests.debug.xcconfig"; sourceTree = "<group>"; };
		60FB38523E59B769903C7366 /* Pods-SelectorCardModule.release.xcconfig */ = {isa = PBXFileReference; includeInIndex = 1; lastKnownFileType = text.xcconfig; name = "Pods-SelectorCardModule.release.xcconfig"; path = "Target Support Files/Pods-SelectorCardModule/Pods-SelectorCardModule.release.xcconfig"; sourceTree = "<group>"; };
		6A81B96A7FCC7EE1AC99E8A0 /* Pods_SelectorCardModule_SelectorCardModuleUITests.framework */ = {isa = PBXFileReference; explicitFileType = wrapper.framework; includeInIndex = 0; path = Pods_SelectorCardModule_SelectorCardModuleUITests.framework; sourceTree = BUILT_PRODUCTS_DIR; };
		6AE283EEB822C42BEF089F1C /* Pods-SelectorCardModuleTests.debug.xcconfig */ = {isa = PBXFileReference; includeInIndex = 1; lastKnownFileType = text.xcconfig; name = "Pods-SelectorCardModuleTests.debug.xcconfig"; path = "Target Support Files/Pods-SelectorCardModuleTests/Pods-SelectorCardModuleTests.debug.xcconfig"; sourceTree = "<group>"; };
		A912942B29942B19005D0987 /* UiView+Extension.swift */ = {isa = PBXFileReference; lastKnownFileType = sourcecode.swift; path = "UiView+Extension.swift"; sourceTree = "<group>"; };
		A916746E2992BA8200A09DC0 /* CardsViewLayout.swift */ = {isa = PBXFileReference; lastKnownFileType = sourcecode.swift; path = CardsViewLayout.swift; sourceTree = "<group>"; };
		A92E03D129899A4A0009C44B /* Presenter.swift */ = {isa = PBXFileReference; lastKnownFileType = sourcecode.swift; path = Presenter.swift; sourceTree = "<group>"; };
		A92E03D4298AA0A60009C44B /* Wiframe.swift */ = {isa = PBXFileReference; lastKnownFileType = sourcecode.swift; path = Wiframe.swift; sourceTree = "<group>"; };
		A92E03E4298B16570009C44B /* ModuleSelectorCard.swift */ = {isa = PBXFileReference; lastKnownFileType = sourcecode.swift; path = ModuleSelectorCard.swift; sourceTree = "<group>"; };
		A92E03E7298BE5D00009C44B /* SelectorCardPresenter.swift */ = {isa = PBXFileReference; lastKnownFileType = sourcecode.swift; path = SelectorCardPresenter.swift; sourceTree = "<group>"; };
		A92E03EA298BE6690009C44B /* SelectorCardWiframe.swift */ = {isa = PBXFileReference; lastKnownFileType = sourcecode.swift; path = SelectorCardWiframe.swift; sourceTree = "<group>"; };
		A92E03EC298BE9920009C44B /* SelectorCardController.swift */ = {isa = PBXFileReference; lastKnownFileType = sourcecode.swift; path = SelectorCardController.swift; sourceTree = "<group>"; };
		A92E03EF298BF8230009C44B /* CardsViewCell.swift */ = {isa = PBXFileReference; lastKnownFileType = sourcecode.swift; path = CardsViewCell.swift; sourceTree = "<group>"; };
		A92E03F0298BF8230009C44B /* CardsViewCell.xib */ = {isa = PBXFileReference; lastKnownFileType = file.xib; path = CardsViewCell.xib; sourceTree = "<group>"; };
		A9B78C47299574AE004121AC /* assets.xcassets */ = {isa = PBXFileReference; lastKnownFileType = folder.assetcatalog; path = assets.xcassets; sourceTree = "<group>"; };
		A9C7B09B2990BCA1005BC25C /* SelectorCardDataSource.swift */ = {isa = PBXFileReference; lastKnownFileType = sourcecode.swift; path = SelectorCardDataSource.swift; sourceTree = "<group>"; };
		A9C7B09D2990BD69005BC25C /* Section.swift */ = {isa = PBXFileReference; lastKnownFileType = sourcecode.swift; path = Section.swift; sourceTree = "<group>"; };
		A9C7B0A329915265005BC25C /* cardStore200.json */ = {isa = PBXFileReference; fileEncoding = 4; lastKnownFileType = text.json; path = cardStore200.json; sourceTree = "<group>"; };
		A9C7B0A529915288005BC25C /* DataManager.swift */ = {isa = PBXFileReference; lastKnownFileType = sourcecode.swift; path = DataManager.swift; sourceTree = "<group>"; };
		A9C7B0A929915546005BC25C /* CardDataModel.swift */ = {isa = PBXFileReference; lastKnownFileType = sourcecode.swift; path = CardDataModel.swift; sourceTree = "<group>"; };
		A9C7B0AB29915C09005BC25C /* PaymentModel.swift */ = {isa = PBXFileReference; lastKnownFileType = sourcecode.swift; path = PaymentModel.swift; sourceTree = "<group>"; };
		A9C7B0AD29915C28005BC25C /* ProductsModel.swift */ = {isa = PBXFileReference; lastKnownFileType = sourcecode.swift; path = ProductsModel.swift; sourceTree = "<group>"; };
		A9CAFC0C29894EAB00D66CFF /* SelectorCardModule.app */ = {isa = PBXFileReference; explicitFileType = wrapper.application; includeInIndex = 0; path = SelectorCardModule.app; sourceTree = BUILT_PRODUCTS_DIR; };
		A9CAFC0F29894EAB00D66CFF /* AppDelegate.swift */ = {isa = PBXFileReference; lastKnownFileType = sourcecode.swift; path = AppDelegate.swift; sourceTree = "<group>"; };
		A9CAFC1129894EAB00D66CFF /* SceneDelegate.swift */ = {isa = PBXFileReference; lastKnownFileType = sourcecode.swift; path = SceneDelegate.swift; sourceTree = "<group>"; };
		A9CAFC1329894EAB00D66CFF /* ViewController.swift */ = {isa = PBXFileReference; lastKnownFileType = sourcecode.swift; path = ViewController.swift; sourceTree = "<group>"; };
		A9CAFC1B29894EAD00D66CFF /* Base */ = {isa = PBXFileReference; lastKnownFileType = file.storyboard; name = Base; path = Base.lproj/LaunchScreen.storyboard; sourceTree = "<group>"; };
		A9CAFC1D29894EAD00D66CFF /* Info.plist */ = {isa = PBXFileReference; lastKnownFileType = text.plist.xml; path = Info.plist; sourceTree = "<group>"; };
		A9CAFC2229894EAD00D66CFF /* SelectorCardModuleTests.xctest */ = {isa = PBXFileReference; explicitFileType = wrapper.cfbundle; includeInIndex = 0; path = SelectorCardModuleTests.xctest; sourceTree = BUILT_PRODUCTS_DIR; };
		A9CAFC2629894EAD00D66CFF /* SelectorCardModuleTests.swift */ = {isa = PBXFileReference; lastKnownFileType = sourcecode.swift; path = SelectorCardModuleTests.swift; sourceTree = "<group>"; };
		A9CAFC2C29894EAD00D66CFF /* SelectorCardModuleUITests.xctest */ = {isa = PBXFileReference; explicitFileType = wrapper.cfbundle; includeInIndex = 0; path = SelectorCardModuleUITests.xctest; sourceTree = BUILT_PRODUCTS_DIR; };
		A9CAFC3029894EAD00D66CFF /* SelectorCardModuleUITests.swift */ = {isa = PBXFileReference; lastKnownFileType = sourcecode.swift; path = SelectorCardModuleUITests.swift; sourceTree = "<group>"; };
		A9CAFC3229894EAD00D66CFF /* SelectorCardModuleUITestsLaunchTests.swift */ = {isa = PBXFileReference; lastKnownFileType = sourcecode.swift; path = SelectorCardModuleUITestsLaunchTests.swift; sourceTree = "<group>"; };
		A9E6C2352995866B0005890B /* DescriptionCardViewCell.swift */ = {isa = PBXFileReference; lastKnownFileType = sourcecode.swift; path = DescriptionCardViewCell.swift; sourceTree = "<group>"; };
		A9E6C2362995866B0005890B /* DescriptionCardViewCell.xib */ = {isa = PBXFileReference; lastKnownFileType = file.xib; path = DescriptionCardViewCell.xib; sourceTree = "<group>"; };
		A9E6C23B299AAA290005890B /* CardDeliveryController.swift */ = {isa = PBXFileReference; lastKnownFileType = sourcecode.swift; path = CardDeliveryController.swift; sourceTree = "<group>"; };
		A9E6C23E299AAA730005890B /* CardDeliveryWiframe.swift */ = {isa = PBXFileReference; lastKnownFileType = sourcecode.swift; path = CardDeliveryWiframe.swift; sourceTree = "<group>"; };
		A9E6C241299AAACA0005890B /* CardDeliveryPresenter.swift */ = {isa = PBXFileReference; lastKnownFileType = sourcecode.swift; path = CardDeliveryPresenter.swift; sourceTree = "<group>"; };
		A9E6C244299AAD010005890B /* ModuleCardDelivery.swift */ = {isa = PBXFileReference; lastKnownFileType = sourcecode.swift; path = ModuleCardDelivery.swift; sourceTree = "<group>"; };
		A9E6C246299AB4750005890B /* CardDeliveryView.swift */ = {isa = PBXFileReference; lastKnownFileType = sourcecode.swift; path = CardDeliveryView.swift; sourceTree = "<group>"; };
		D6BD7E926C6DC40167E3F035 /* Pods_SelectorCardModuleTests.framework */ = {isa = PBXFileReference; explicitFileType = wrapper.framework; includeInIndex = 0; path = Pods_SelectorCardModuleTests.framework; sourceTree = BUILT_PRODUCTS_DIR; };
		F4F7AAB7ECC8C0BBDA1B5798 /* Pods_SelectorCardModule.framework */ = {isa = PBXFileReference; explicitFileType = wrapper.framework; includeInIndex = 0; path = Pods_SelectorCardModule.framework; sourceTree = BUILT_PRODUCTS_DIR; };
/* End PBXFileReference section */

/* Begin PBXFrameworksBuildPhase section */
		A9CAFC0929894EAB00D66CFF /* Frameworks */ = {
			isa = PBXFrameworksBuildPhase;
			buildActionMask = 2147483647;
			files = (
				B0F338D8D13F9495975913E1 /* Pods_SelectorCardModule.framework in Frameworks */,
			);
			runOnlyForDeploymentPostprocessing = 0;
		};
		A9CAFC1F29894EAD00D66CFF /* Frameworks */ = {
			isa = PBXFrameworksBuildPhase;
			buildActionMask = 2147483647;
			files = (
				70B6C8487D10A1F2D6FA62FB /* Pods_SelectorCardModuleTests.framework in Frameworks */,
			);
			runOnlyForDeploymentPostprocessing = 0;
		};
		A9CAFC2929894EAD00D66CFF /* Frameworks */ = {
			isa = PBXFrameworksBuildPhase;
			buildActionMask = 2147483647;
			files = (
				B860EB67F56F87428DDF0171 /* Pods_SelectorCardModule_SelectorCardModuleUITests.framework in Frameworks */,
			);
			runOnlyForDeploymentPostprocessing = 0;
		};
/* End PBXFrameworksBuildPhase section */

/* Begin PBXGroup section */
		37036FDBB97C5CFD770D5FC0 /* Frameworks */ = {
			isa = PBXGroup;
			children = (
				F4F7AAB7ECC8C0BBDA1B5798 /* Pods_SelectorCardModule.framework */,
				6A81B96A7FCC7EE1AC99E8A0 /* Pods_SelectorCardModule_SelectorCardModuleUITests.framework */,
				D6BD7E926C6DC40167E3F035 /* Pods_SelectorCardModuleTests.framework */,
			);
			name = Frameworks;
			sourceTree = "<group>";
		};
		A916746D2992BA4900A09DC0 /* Layout */ = {
			isa = PBXGroup;
			children = (
				A916746E2992BA8200A09DC0 /* CardsViewLayout.swift */,
			);
			path = Layout;
			sourceTree = "<group>";
		};
		A91674702992EFD600A09DC0 /* Extensions */ = {
			isa = PBXGroup;
			children = (
				A912942B29942B19005D0987 /* UiView+Extension.swift */,
			);
			path = Extensions;
			sourceTree = "<group>";
		};
		A92E03CE298996E80009C44B /* SelectorCard */ = {
			isa = PBXGroup;
			children = (
				A91674702992EFD600A09DC0 /* Extensions */,
				A9C7B0A729915330005BC25C /* DataManager */,
				A9C7B0A82991552A005BC25C /* DataModel */,
				A92E03E9298BE6480009C44B /* Wiframe */,
				A92E03E6298BE5940009C44B /* Presenter */,
				A92E03E3298B162B0009C44B /* Module */,
				A92E03D9298AB83C0009C44B /* View */,
				A92E03D6298AB33F0009C44B /* DataSource */,
			);
			path = SelectorCard;
			sourceTree = "<group>";
		};
		A92E03CF298997220009C44B /* sources */ = {
			isa = PBXGroup;
			children = (
				A9CAFC1A29894EAD00D66CFF /* LaunchScreen.storyboard */,
				A9CAFC1329894EAB00D66CFF /* ViewController.swift */,
				A9CAFC0F29894EAB00D66CFF /* AppDelegate.swift */,
				A9CAFC1129894EAB00D66CFF /* SceneDelegate.swift */,
				A9B78C47299574AE004121AC /* assets.xcassets */,
			);
			path = sources;
			sourceTree = "<group>";
		};
		A92E03D029899A2C0009C44B /* Presenter */ = {
			isa = PBXGroup;
			children = (
				A92E03D129899A4A0009C44B /* Presenter.swift */,
			);
			path = Presenter;
			sourceTree = "<group>";
		};
		A92E03D3298AA0870009C44B /* Wiframe */ = {
			isa = PBXGroup;
			children = (
				A92E03D4298AA0A60009C44B /* Wiframe.swift */,
			);
			path = Wiframe;
			sourceTree = "<group>";
		};
		A92E03D6298AB33F0009C44B /* DataSource */ = {
			isa = PBXGroup;
			children = (
				A9C7B0A329915265005BC25C /* cardStore200.json */,
				A9C7B09B2990BCA1005BC25C /* SelectorCardDataSource.swift */,
				A9C7B09D2990BD69005BC25C /* Section.swift */,
			);
			path = DataSource;
			sourceTree = "<group>";
		};
		A92E03D9298AB83C0009C44B /* View */ = {
			isa = PBXGroup;
			children = (
				A92E03EC298BE9920009C44B /* SelectorCardController.swift */,
				A9E6C234299585F80005890B /* DescriptionCardView */,
				A916746D2992BA4900A09DC0 /* Layout */,
				A92E03EE298BF7E40009C44B /* CardsView */,
			);
			path = View;
			sourceTree = "<group>";
		};
		A92E03E3298B162B0009C44B /* Module */ = {
			isa = PBXGroup;
			children = (
				A92E03E4298B16570009C44B /* ModuleSelectorCard.swift */,
			);
			path = Module;
			sourceTree = "<group>";
		};
		A92E03E6298BE5940009C44B /* Presenter */ = {
			isa = PBXGroup;
			children = (
				A92E03E7298BE5D00009C44B /* SelectorCardPresenter.swift */,
			);
			path = Presenter;
			sourceTree = "<group>";
		};
		A92E03E9298BE6480009C44B /* Wiframe */ = {
			isa = PBXGroup;
			children = (
				A92E03EA298BE6690009C44B /* SelectorCardWiframe.swift */,
			);
			path = Wiframe;
			sourceTree = "<group>";
		};
		A92E03EE298BF7E40009C44B /* CardsView */ = {
			isa = PBXGroup;
			children = (
				A92E03EF298BF8230009C44B /* CardsViewCell.swift */,
				A92E03F0298BF8230009C44B /* CardsViewCell.xib */,
			);
			path = CardsView;
			sourceTree = "<group>";
		};
		A9C7B0A729915330005BC25C /* DataManager */ = {
			isa = PBXGroup;
			children = (
				A9C7B0A529915288005BC25C /* DataManager.swift */,
			);
			path = DataManager;
			sourceTree = "<group>";
		};
		A9C7B0A82991552A005BC25C /* DataModel */ = {
			isa = PBXGroup;
			children = (
				A9C7B0A929915546005BC25C /* CardDataModel.swift */,
				A9C7B0AB29915C09005BC25C /* PaymentModel.swift */,
				A9C7B0AD29915C28005BC25C /* ProductsModel.swift */,
			);
			path = DataModel;
			sourceTree = "<group>";
		};
		A9CAFC0329894EAB00D66CFF = {
			isa = PBXGroup;
			children = (
				A9CAFC0E29894EAB00D66CFF /* SelectorCardModule */,
				A9CAFC2529894EAD00D66CFF /* SelectorCardModuleTests */,
				A9CAFC2F29894EAD00D66CFF /* SelectorCardModuleUITests */,
				A9CAFC0D29894EAB00D66CFF /* Products */,
				AD6DE3571ABC7642D859E4F3 /* Pods */,
				37036FDBB97C5CFD770D5FC0 /* Frameworks */,
			);
			sourceTree = "<group>";
		};
		A9CAFC0D29894EAB00D66CFF /* Products */ = {
			isa = PBXGroup;
			children = (
				A9CAFC0C29894EAB00D66CFF /* SelectorCardModule.app */,
				A9CAFC2229894EAD00D66CFF /* SelectorCardModuleTests.xctest */,
				A9CAFC2C29894EAD00D66CFF /* SelectorCardModuleUITests.xctest */,
			);
			name = Products;
			sourceTree = "<group>";
		};
		A9CAFC0E29894EAB00D66CFF /* SelectorCardModule */ = {
			isa = PBXGroup;
			children = (
				A92E03D3298AA0870009C44B /* Wiframe */,
				A92E03D029899A2C0009C44B /* Presenter */,
				A92E03CF298997220009C44B /* sources */,
				A9E6C239299AA9AD0005890B /* CardDelivery */,
				A92E03CE298996E80009C44B /* SelectorCard */,
				A9CAFC1D29894EAD00D66CFF /* Info.plist */,
			);
			path = SelectorCardModule;
			sourceTree = "<group>";
		};
		A9CAFC2529894EAD00D66CFF /* SelectorCardModuleTests */ = {
			isa = PBXGroup;
			children = (
				A9CAFC2629894EAD00D66CFF /* SelectorCardModuleTests.swift */,
			);
			path = SelectorCardModuleTests;
			sourceTree = "<group>";
		};
		A9CAFC2F29894EAD00D66CFF /* SelectorCardModuleUITests */ = {
			isa = PBXGroup;
			children = (
				A9CAFC3029894EAD00D66CFF /* SelectorCardModuleUITests.swift */,
				A9CAFC3229894EAD00D66CFF /* SelectorCardModuleUITestsLaunchTests.swift */,
			);
			path = SelectorCardModuleUITests;
			sourceTree = "<group>";
		};
		A9E6C234299585F80005890B /* DescriptionCardView */ = {
			isa = PBXGroup;
			children = (
				A9E6C2352995866B0005890B /* DescriptionCardViewCell.swift */,
				A9E6C2362995866B0005890B /* DescriptionCardViewCell.xib */,
			);
			path = DescriptionCardView;
			sourceTree = "<group>";
		};
		A9E6C239299AA9AD0005890B /* CardDelivery */ = {
			isa = PBXGroup;
			children = (
				A9E6C243299AACE50005890B /* Module */,
				A9E6C240299AAA980005890B /* Presenter */,
				A9E6C23D299AAA550005890B /* Wiframe */,
				A9E6C23A299AA9F70005890B /* View */,
			);
			path = CardDelivery;
			sourceTree = "<group>";
		};
		A9E6C23A299AA9F70005890B /* View */ = {
			isa = PBXGroup;
			children = (
				A9E6C23B299AAA290005890B /* CardDeliveryController.swift */,
				A9E6C246299AB4750005890B /* CardDeliveryView.swift */,
			);
			path = View;
			sourceTree = "<group>";
		};
		A9E6C23D299AAA550005890B /* Wiframe */ = {
			isa = PBXGroup;
			children = (
				A9E6C23E299AAA730005890B /* CardDeliveryWiframe.swift */,
			);
			path = Wiframe;
			sourceTree = "<group>";
		};
		A9E6C240299AAA980005890B /* Presenter */ = {
			isa = PBXGroup;
			children = (
				A9E6C241299AAACA0005890B /* CardDeliveryPresenter.swift */,
			);
			path = Presenter;
			sourceTree = "<group>";
		};
		A9E6C243299AACE50005890B /* Module */ = {
			isa = PBXGroup;
			children = (
				A9E6C244299AAD010005890B /* ModuleCardDelivery.swift */,
			);
			path = Module;
			sourceTree = "<group>";
		};
		AD6DE3571ABC7642D859E4F3 /* Pods */ = {
			isa = PBXGroup;
			children = (
				31B0E8309656160B4FF6D234 /* Pods-SelectorCardModule.debug.xcconfig */,
				60FB38523E59B769903C7366 /* Pods-SelectorCardModule.release.xcconfig */,
				4940CBC775556C22EB9045AB /* Pods-SelectorCardModule-SelectorCardModuleUITests.debug.xcconfig */,
				05CFCA33D4858962BEFC9EE2 /* Pods-SelectorCardModule-SelectorCardModuleUITests.release.xcconfig */,
				6AE283EEB822C42BEF089F1C /* Pods-SelectorCardModuleTests.debug.xcconfig */,
				3D5765AA7CA4115DC909AA48 /* Pods-SelectorCardModuleTests.release.xcconfig */,
			);
			path = Pods;
			sourceTree = "<group>";
		};
/* End PBXGroup section */

/* Begin PBXNativeTarget section */
		A9CAFC0B29894EAB00D66CFF /* SelectorCardModule */ = {
			isa = PBXNativeTarget;
			buildConfigurationList = A9CAFC3629894EAD00D66CFF /* Build configuration list for PBXNativeTarget "SelectorCardModule" */;
			buildPhases = (
				E4D26CDF82E7A7D92AE929AC /* [CP] Check Pods Manifest.lock */,
				A9CAFC0829894EAB00D66CFF /* Sources */,
				A9CAFC0929894EAB00D66CFF /* Frameworks */,
				A9CAFC0A29894EAB00D66CFF /* Resources */,
				2772A06727196B681F5DF07E /* [CP] Embed Pods Frameworks */,
			);
			buildRules = (
			);
			dependencies = (
			);
			name = SelectorCardModule;
			productName = SelectorCardModule;
			productReference = A9CAFC0C29894EAB00D66CFF /* SelectorCardModule.app */;
			productType = "com.apple.product-type.application";
		};
		A9CAFC2129894EAD00D66CFF /* SelectorCardModuleTests */ = {
			isa = PBXNativeTarget;
			buildConfigurationList = A9CAFC3929894EAD00D66CFF /* Build configuration list for PBXNativeTarget "SelectorCardModuleTests" */;
			buildPhases = (
				4438D7C76A2E7032DB71314C /* [CP] Check Pods Manifest.lock */,
				A9CAFC1E29894EAD00D66CFF /* Sources */,
				A9CAFC1F29894EAD00D66CFF /* Frameworks */,
				A9CAFC2029894EAD00D66CFF /* Resources */,
			);
			buildRules = (
			);
			dependencies = (
				A9CAFC2429894EAD00D66CFF /* PBXTargetDependency */,
			);
			name = SelectorCardModuleTests;
			productName = SelectorCardModuleTests;
			productReference = A9CAFC2229894EAD00D66CFF /* SelectorCardModuleTests.xctest */;
			productType = "com.apple.product-type.bundle.unit-test";
		};
		A9CAFC2B29894EAD00D66CFF /* SelectorCardModuleUITests */ = {
			isa = PBXNativeTarget;
			buildConfigurationList = A9CAFC3C29894EAD00D66CFF /* Build configuration list for PBXNativeTarget "SelectorCardModuleUITests" */;
			buildPhases = (
				A17F107C9AFFC3DAF29DF421 /* [CP] Check Pods Manifest.lock */,
				A9CAFC2829894EAD00D66CFF /* Sources */,
				A9CAFC2929894EAD00D66CFF /* Frameworks */,
				A9CAFC2A29894EAD00D66CFF /* Resources */,
				4F9652DA99603E723623C2F5 /* [CP] Embed Pods Frameworks */,
			);
			buildRules = (
			);
			dependencies = (
				A9CAFC2E29894EAD00D66CFF /* PBXTargetDependency */,
			);
			name = SelectorCardModuleUITests;
			productName = SelectorCardModuleUITests;
			productReference = A9CAFC2C29894EAD00D66CFF /* SelectorCardModuleUITests.xctest */;
			productType = "com.apple.product-type.bundle.ui-testing";
		};
/* End PBXNativeTarget section */

/* Begin PBXProject section */
		A9CAFC0429894EAB00D66CFF /* Project object */ = {
			isa = PBXProject;
			attributes = {
				BuildIndependentTargetsInParallel = 1;
				LastSwiftUpdateCheck = 1420;
				LastUpgradeCheck = 1420;
				TargetAttributes = {
					A9CAFC0B29894EAB00D66CFF = {
						CreatedOnToolsVersion = 14.2;
					};
					A9CAFC2129894EAD00D66CFF = {
						CreatedOnToolsVersion = 14.2;
						TestTargetID = A9CAFC0B29894EAB00D66CFF;
					};
					A9CAFC2B29894EAD00D66CFF = {
						CreatedOnToolsVersion = 14.2;
						TestTargetID = A9CAFC0B29894EAB00D66CFF;
					};
				};
			};
			buildConfigurationList = A9CAFC0729894EAB00D66CFF /* Build configuration list for PBXProject "SelectorCardModule" */;
			compatibilityVersion = "Xcode 13.0";
			developmentRegion = en;
			hasScannedForEncodings = 0;
			knownRegions = (
				en,
				Base,
			);
			mainGroup = A9CAFC0329894EAB00D66CFF;
			productRefGroup = A9CAFC0D29894EAB00D66CFF /* Products */;
			projectDirPath = "";
			projectRoot = "";
			targets = (
				A9CAFC0B29894EAB00D66CFF /* SelectorCardModule */,
				A9CAFC2129894EAD00D66CFF /* SelectorCardModuleTests */,
				A9CAFC2B29894EAD00D66CFF /* SelectorCardModuleUITests */,
			);
		};
/* End PBXProject section */

/* Begin PBXResourcesBuildPhase section */
		A9CAFC0A29894EAB00D66CFF /* Resources */ = {
			isa = PBXResourcesBuildPhase;
			buildActionMask = 2147483647;
			files = (
				A9E6C2382995866B0005890B /* DescriptionCardViewCell.xib in Resources */,
				A9CAFC1C29894EAD00D66CFF /* LaunchScreen.storyboard in Resources */,
				A92E03F2298BF8230009C44B /* CardsViewCell.xib in Resources */,
				A9B78C48299574AE004121AC /* assets.xcassets in Resources */,
				A9C7B0A429915265005BC25C /* cardStore200.json in Resources */,
			);
			runOnlyForDeploymentPostprocessing = 0;
		};
		A9CAFC2029894EAD00D66CFF /* Resources */ = {
			isa = PBXResourcesBuildPhase;
			buildActionMask = 2147483647;
			files = (
			);
			runOnlyForDeploymentPostprocessing = 0;
		};
		A9CAFC2A29894EAD00D66CFF /* Resources */ = {
			isa = PBXResourcesBuildPhase;
			buildActionMask = 2147483647;
			files = (
			);
			runOnlyForDeploymentPostprocessing = 0;
		};
/* End PBXResourcesBuildPhase section */

/* Begin PBXShellScriptBuildPhase section */
		2772A06727196B681F5DF07E /* [CP] Embed Pods Frameworks */ = {
			isa = PBXShellScriptBuildPhase;
			buildActionMask = 2147483647;
			files = (
			);
			inputFileListPaths = (
				"${PODS_ROOT}/Target Support Files/Pods-SelectorCardModule/Pods-SelectorCardModule-frameworks-${CONFIGURATION}-input-files.xcfilelist",
			);
			name = "[CP] Embed Pods Frameworks";
			outputFileListPaths = (
				"${PODS_ROOT}/Target Support Files/Pods-SelectorCardModule/Pods-SelectorCardModule-frameworks-${CONFIGURATION}-output-files.xcfilelist",
			);
			runOnlyForDeploymentPostprocessing = 0;
			shellPath = /bin/sh;
			shellScript = "\"${PODS_ROOT}/Target Support Files/Pods-SelectorCardModule/Pods-SelectorCardModule-frameworks.sh\"\n";
			showEnvVarsInLog = 0;
		};
		4438D7C76A2E7032DB71314C /* [CP] Check Pods Manifest.lock */ = {
			isa = PBXShellScriptBuildPhase;
			buildActionMask = 2147483647;
			files = (
			);
			inputFileListPaths = (
			);
			inputPaths = (
				"${PODS_PODFILE_DIR_PATH}/Podfile.lock",
				"${PODS_ROOT}/Manifest.lock",
			);
			name = "[CP] Check Pods Manifest.lock";
			outputFileListPaths = (
			);
			outputPaths = (
				"$(DERIVED_FILE_DIR)/Pods-SelectorCardModuleTests-checkManifestLockResult.txt",
			);
			runOnlyForDeploymentPostprocessing = 0;
			shellPath = /bin/sh;
			shellScript = "diff \"${PODS_PODFILE_DIR_PATH}/Podfile.lock\" \"${PODS_ROOT}/Manifest.lock\" > /dev/null\nif [ $? != 0 ] ; then\n    # print error to STDERR\n    echo \"error: The sandbox is not in sync with the Podfile.lock. Run 'pod install' or update your CocoaPods installation.\" >&2\n    exit 1\nfi\n# This output is used by Xcode 'outputs' to avoid re-running this script phase.\necho \"SUCCESS\" > \"${SCRIPT_OUTPUT_FILE_0}\"\n";
			showEnvVarsInLog = 0;
		};
		4F9652DA99603E723623C2F5 /* [CP] Embed Pods Frameworks */ = {
			isa = PBXShellScriptBuildPhase;
			buildActionMask = 2147483647;
			files = (
			);
			inputFileListPaths = (
				"${PODS_ROOT}/Target Support Files/Pods-SelectorCardModule-SelectorCardModuleUITests/Pods-SelectorCardModule-SelectorCardModuleUITests-frameworks-${CONFIGURATION}-input-files.xcfilelist",
			);
			name = "[CP] Embed Pods Frameworks";
			outputFileListPaths = (
				"${PODS_ROOT}/Target Support Files/Pods-SelectorCardModule-SelectorCardModuleUITests/Pods-SelectorCardModule-SelectorCardModuleUITests-frameworks-${CONFIGURATION}-output-files.xcfilelist",
			);
			runOnlyForDeploymentPostprocessing = 0;
			shellPath = /bin/sh;
			shellScript = "\"${PODS_ROOT}/Target Support Files/Pods-SelectorCardModule-SelectorCardModuleUITests/Pods-SelectorCardModule-SelectorCardModuleUITests-frameworks.sh\"\n";
			showEnvVarsInLog = 0;
		};
		A17F107C9AFFC3DAF29DF421 /* [CP] Check Pods Manifest.lock */ = {
			isa = PBXShellScriptBuildPhase;
			buildActionMask = 2147483647;
			files = (
			);
			inputFileListPaths = (
			);
			inputPaths = (
				"${PODS_PODFILE_DIR_PATH}/Podfile.lock",
				"${PODS_ROOT}/Manifest.lock",
			);
			name = "[CP] Check Pods Manifest.lock";
			outputFileListPaths = (
			);
			outputPaths = (
				"$(DERIVED_FILE_DIR)/Pods-SelectorCardModule-SelectorCardModuleUITests-checkManifestLockResult.txt",
			);
			runOnlyForDeploymentPostprocessing = 0;
			shellPath = /bin/sh;
			shellScript = "diff \"${PODS_PODFILE_DIR_PATH}/Podfile.lock\" \"${PODS_ROOT}/Manifest.lock\" > /dev/null\nif [ $? != 0 ] ; then\n    # print error to STDERR\n    echo \"error: The sandbox is not in sync with the Podfile.lock. Run 'pod install' or update your CocoaPods installation.\" >&2\n    exit 1\nfi\n# This output is used by Xcode 'outputs' to avoid re-running this script phase.\necho \"SUCCESS\" > \"${SCRIPT_OUTPUT_FILE_0}\"\n";
			showEnvVarsInLog = 0;
		};
		E4D26CDF82E7A7D92AE929AC /* [CP] Check Pods Manifest.lock */ = {
			isa = PBXShellScriptBuildPhase;
			buildActionMask = 2147483647;
			files = (
			);
			inputFileListPaths = (
			);
			inputPaths = (
				"${PODS_PODFILE_DIR_PATH}/Podfile.lock",
				"${PODS_ROOT}/Manifest.lock",
			);
			name = "[CP] Check Pods Manifest.lock";
			outputFileListPaths = (
			);
			outputPaths = (
				"$(DERIVED_FILE_DIR)/Pods-SelectorCardModule-checkManifestLockResult.txt",
			);
			runOnlyForDeploymentPostprocessing = 0;
			shellPath = /bin/sh;
			shellScript = "diff \"${PODS_PODFILE_DIR_PATH}/Podfile.lock\" \"${PODS_ROOT}/Manifest.lock\" > /dev/null\nif [ $? != 0 ] ; then\n    # print error to STDERR\n    echo \"error: The sandbox is not in sync with the Podfile.lock. Run 'pod install' or update your CocoaPods installation.\" >&2\n    exit 1\nfi\n# This output is used by Xcode 'outputs' to avoid re-running this script phase.\necho \"SUCCESS\" > \"${SCRIPT_OUTPUT_FILE_0}\"\n";
			showEnvVarsInLog = 0;
		};
/* End PBXShellScriptBuildPhase section */

/* Begin PBXSourcesBuildPhase section */
		A9CAFC0829894EAB00D66CFF /* Sources */ = {
			isa = PBXSourcesBuildPhase;
			buildActionMask = 2147483647;
			files = (
				A9E6C242299AAACA0005890B /* CardDeliveryPresenter.swift in Sources */,
				A92E03ED298BE9920009C44B /* SelectorCardController.swift in Sources */,
				A9E6C247299AB4750005890B /* CardDeliveryView.swift in Sources */,
				A9CAFC1429894EAB00D66CFF /* ViewController.swift in Sources */,
				A9E6C23F299AAA730005890B /* CardDeliveryWiframe.swift in Sources */,
				A92E03EB298BE6690009C44B /* SelectorCardWiframe.swift in Sources */,
				A916746F2992BA8200A09DC0 /* CardsViewLayout.swift in Sources */,
				A9C7B09E2990BD69005BC25C /* Section.swift in Sources */,
				A9C7B0AC29915C09005BC25C /* PaymentModel.swift in Sources */,
				A92E03E8298BE5D00009C44B /* SelectorCardPresenter.swift in Sources */,
				A92E03F1298BF8230009C44B /* CardsViewCell.swift in Sources */,
				A9E6C245299AAD010005890B /* ModuleCardDelivery.swift in Sources */,
				A9CAFC1029894EAB00D66CFF /* AppDelegate.swift in Sources */,
				A9E6C23C299AAA290005890B /* CardDeliveryController.swift in Sources */,
				A912942C29942B19005D0987 /* UiView+Extension.swift in Sources */,
				A9C7B0AA29915546005BC25C /* CardDataModel.swift in Sources */,
				A9C7B0AE29915C28005BC25C /* ProductsModel.swift in Sources */,
				A9C7B0A629915288005BC25C /* DataManager.swift in Sources */,
				A92E03D5298AA0A60009C44B /* Wiframe.swift in Sources */,
				A9C7B09C2990BCA1005BC25C /* SelectorCardDataSource.swift in Sources */,
				A92E03D229899A4A0009C44B /* Presenter.swift in Sources */,
				A92E03E5298B16570009C44B /* ModuleSelectorCard.swift in Sources */,
				A9E6C2372995866B0005890B /* DescriptionCardViewCell.swift in Sources */,
				A9CAFC1229894EAB00D66CFF /* SceneDelegate.swift in Sources */,
			);
			runOnlyForDeploymentPostprocessing = 0;
		};
		A9CAFC1E29894EAD00D66CFF /* Sources */ = {
			isa = PBXSourcesBuildPhase;
			buildActionMask = 2147483647;
			files = (
				A9CAFC2729894EAD00D66CFF /* SelectorCardModuleTests.swift in Sources */,
			);
			runOnlyForDeploymentPostprocessing = 0;
		};
		A9CAFC2829894EAD00D66CFF /* Sources */ = {
			isa = PBXSourcesBuildPhase;
			buildActionMask = 2147483647;
			files = (
				A9CAFC3129894EAD00D66CFF /* SelectorCardModuleUITests.swift in Sources */,
				A9CAFC3329894EAD00D66CFF /* SelectorCardModuleUITestsLaunchTests.swift in Sources */,
			);
			runOnlyForDeploymentPostprocessing = 0;
		};
/* End PBXSourcesBuildPhase section */

/* Begin PBXTargetDependency section */
		A9CAFC2429894EAD00D66CFF /* PBXTargetDependency */ = {
			isa = PBXTargetDependency;
			target = A9CAFC0B29894EAB00D66CFF /* SelectorCardModule */;
			targetProxy = A9CAFC2329894EAD00D66CFF /* PBXContainerItemProxy */;
		};
		A9CAFC2E29894EAD00D66CFF /* PBXTargetDependency */ = {
			isa = PBXTargetDependency;
			target = A9CAFC0B29894EAB00D66CFF /* SelectorCardModule */;
			targetProxy = A9CAFC2D29894EAD00D66CFF /* PBXContainerItemProxy */;
		};
/* End PBXTargetDependency section */

/* Begin PBXVariantGroup section */
		A9CAFC1A29894EAD00D66CFF /* LaunchScreen.storyboard */ = {
			isa = PBXVariantGroup;
			children = (
				A9CAFC1B29894EAD00D66CFF /* Base */,
			);
			name = LaunchScreen.storyboard;
			sourceTree = "<group>";
		};
/* End PBXVariantGroup section */

/* Begin XCBuildConfiguration section */
		A9CAFC3429894EAD00D66CFF /* Debug */ = {
			isa = XCBuildConfiguration;
			buildSettings = {
				ALWAYS_SEARCH_USER_PATHS = NO;
				CLANG_ANALYZER_NONNULL = YES;
				CLANG_ANALYZER_NUMBER_OBJECT_CONVERSION = YES_AGGRESSIVE;
				CLANG_CXX_LANGUAGE_STANDARD = "gnu++20";
				CLANG_ENABLE_MODULES = YES;
				CLANG_ENABLE_OBJC_ARC = YES;
				CLANG_ENABLE_OBJC_WEAK = YES;
				CLANG_WARN_BLOCK_CAPTURE_AUTORELEASING = YES;
				CLANG_WARN_BOOL_CONVERSION = YES;
				CLANG_WARN_COMMA = YES;
				CLANG_WARN_CONSTANT_CONVERSION = YES;
				CLANG_WARN_DEPRECATED_OBJC_IMPLEMENTATIONS = YES;
				CLANG_WARN_DIRECT_OBJC_ISA_USAGE = YES_ERROR;
				CLANG_WARN_DOCUMENTATION_COMMENTS = YES;
				CLANG_WARN_EMPTY_BODY = YES;
				CLANG_WARN_ENUM_CONVERSION = YES;
				CLANG_WARN_INFINITE_RECURSION = YES;
				CLANG_WARN_INT_CONVERSION = YES;
				CLANG_WARN_NON_LITERAL_NULL_CONVERSION = YES;
				CLANG_WARN_OBJC_IMPLICIT_RETAIN_SELF = YES;
				CLANG_WARN_OBJC_LITERAL_CONVERSION = YES;
				CLANG_WARN_OBJC_ROOT_CLASS = YES_ERROR;
				CLANG_WARN_QUOTED_INCLUDE_IN_FRAMEWORK_HEADER = YES;
				CLANG_WARN_RANGE_LOOP_ANALYSIS = YES;
				CLANG_WARN_STRICT_PROTOTYPES = YES;
				CLANG_WARN_SUSPICIOUS_MOVE = YES;
				CLANG_WARN_UNGUARDED_AVAILABILITY = YES_AGGRESSIVE;
				CLANG_WARN_UNREACHABLE_CODE = YES;
				CLANG_WARN__DUPLICATE_METHOD_MATCH = YES;
				COPY_PHASE_STRIP = NO;
				DEBUG_INFORMATION_FORMAT = dwarf;
				ENABLE_STRICT_OBJC_MSGSEND = YES;
				ENABLE_TESTABILITY = YES;
				GCC_C_LANGUAGE_STANDARD = gnu11;
				GCC_DYNAMIC_NO_PIC = NO;
				GCC_NO_COMMON_BLOCKS = YES;
				GCC_OPTIMIZATION_LEVEL = 0;
				GCC_PREPROCESSOR_DEFINITIONS = (
					"DEBUG=1",
					"$(inherited)",
				);
				GCC_WARN_64_TO_32_BIT_CONVERSION = YES;
				GCC_WARN_ABOUT_RETURN_TYPE = YES_ERROR;
				GCC_WARN_UNDECLARED_SELECTOR = YES;
				GCC_WARN_UNINITIALIZED_AUTOS = YES_AGGRESSIVE;
				GCC_WARN_UNUSED_FUNCTION = YES;
				GCC_WARN_UNUSED_VARIABLE = YES;
				IPHONEOS_DEPLOYMENT_TARGET = 16.2;
				MTL_ENABLE_DEBUG_INFO = INCLUDE_SOURCE;
				MTL_FAST_MATH = YES;
				ONLY_ACTIVE_ARCH = YES;
				SDKROOT = iphoneos;
				SWIFT_ACTIVE_COMPILATION_CONDITIONS = DEBUG;
				SWIFT_OPTIMIZATION_LEVEL = "-Onone";
			};
			name = Debug;
		};
		A9CAFC3529894EAD00D66CFF /* Release */ = {
			isa = XCBuildConfiguration;
			buildSettings = {
				ALWAYS_SEARCH_USER_PATHS = NO;
				CLANG_ANALYZER_NONNULL = YES;
				CLANG_ANALYZER_NUMBER_OBJECT_CONVERSION = YES_AGGRESSIVE;
				CLANG_CXX_LANGUAGE_STANDARD = "gnu++20";
				CLANG_ENABLE_MODULES = YES;
				CLANG_ENABLE_OBJC_ARC = YES;
				CLANG_ENABLE_OBJC_WEAK = YES;
				CLANG_WARN_BLOCK_CAPTURE_AUTORELEASING = YES;
				CLANG_WARN_BOOL_CONVERSION = YES;
				CLANG_WARN_COMMA = YES;
				CLANG_WARN_CONSTANT_CONVERSION = YES;
				CLANG_WARN_DEPRECATED_OBJC_IMPLEMENTATIONS = YES;
				CLANG_WARN_DIRECT_OBJC_ISA_USAGE = YES_ERROR;
				CLANG_WARN_DOCUMENTATION_COMMENTS = YES;
				CLANG_WARN_EMPTY_BODY = YES;
				CLANG_WARN_ENUM_CONVERSION = YES;
				CLANG_WARN_INFINITE_RECURSION = YES;
				CLANG_WARN_INT_CONVERSION = YES;
				CLANG_WARN_NON_LITERAL_NULL_CONVERSION = YES;
				CLANG_WARN_OBJC_IMPLICIT_RETAIN_SELF = YES;
				CLANG_WARN_OBJC_LITERAL_CONVERSION = YES;
				CLANG_WARN_OBJC_ROOT_CLASS = YES_ERROR;
				CLANG_WARN_QUOTED_INCLUDE_IN_FRAMEWORK_HEADER = YES;
				CLANG_WARN_RANGE_LOOP_ANALYSIS = YES;
				CLANG_WARN_STRICT_PROTOTYPES = YES;
				CLANG_WARN_SUSPICIOUS_MOVE = YES;
				CLANG_WARN_UNGUARDED_AVAILABILITY = YES_AGGRESSIVE;
				CLANG_WARN_UNREACHABLE_CODE = YES;
				CLANG_WARN__DUPLICATE_METHOD_MATCH = YES;
				COPY_PHASE_STRIP = NO;
				DEBUG_INFORMATION_FORMAT = "dwarf-with-dsym";
				ENABLE_NS_ASSERTIONS = NO;
				ENABLE_STRICT_OBJC_MSGSEND = YES;
				GCC_C_LANGUAGE_STANDARD = gnu11;
				GCC_NO_COMMON_BLOCKS = YES;
				GCC_WARN_64_TO_32_BIT_CONVERSION = YES;
				GCC_WARN_ABOUT_RETURN_TYPE = YES_ERROR;
				GCC_WARN_UNDECLARED_SELECTOR = YES;
				GCC_WARN_UNINITIALIZED_AUTOS = YES_AGGRESSIVE;
				GCC_WARN_UNUSED_FUNCTION = YES;
				GCC_WARN_UNUSED_VARIABLE = YES;
				IPHONEOS_DEPLOYMENT_TARGET = 16.2;
				MTL_ENABLE_DEBUG_INFO = NO;
				MTL_FAST_MATH = YES;
				SDKROOT = iphoneos;
				SWIFT_COMPILATION_MODE = wholemodule;
				SWIFT_OPTIMIZATION_LEVEL = "-O";
				VALIDATE_PRODUCT = YES;
			};
			name = Release;
		};
		A9CAFC3729894EAD00D66CFF /* Debug */ = {
			isa = XCBuildConfiguration;
			baseConfigurationReference = 31B0E8309656160B4FF6D234 /* Pods-SelectorCardModule.debug.xcconfig */;
			buildSettings = {
				ASSETCATALOG_COMPILER_APPICON_NAME = AppIcon;
				ASSETCATALOG_COMPILER_GLOBAL_ACCENT_COLOR_NAME = AccentColor;
				ASSETCATALOG_COMPILER_INCLUDE_ALL_APPICON_ASSETS = YES;
				CODE_SIGN_STYLE = Automatic;
				CURRENT_PROJECT_VERSION = 1;
				GENERATE_INFOPLIST_FILE = YES;
				INFOPLIST_FILE = SelectorCardModule/Info.plist;
				INFOPLIST_KEY_UIApplicationSupportsIndirectInputEvents = YES;
				INFOPLIST_KEY_UILaunchStoryboardName = LaunchScreen;
				INFOPLIST_KEY_UIStatusBarStyle = "";
				INFOPLIST_KEY_UISupportedInterfaceOrientations_iPad = "UIInterfaceOrientationPortrait UIInterfaceOrientationPortraitUpsideDown UIInterfaceOrientationLandscapeLeft UIInterfaceOrientationLandscapeRight";
				INFOPLIST_KEY_UISupportedInterfaceOrientations_iPhone = "UIInterfaceOrientationPortrait UIInterfaceOrientationLandscapeLeft UIInterfaceOrientationLandscapeRight";
				LD_RUNPATH_SEARCH_PATHS = (
					"$(inherited)",
					"@executable_path/Frameworks",
				);
				MARKETING_VERSION = 1.0;
				PRODUCT_BUNDLE_IDENTIFIER = com.alicat.moviexplorer.SelectorCardModule;
				PRODUCT_NAME = "$(TARGET_NAME)";
				SWIFT_EMIT_LOC_STRINGS = YES;
				SWIFT_VERSION = 5.0;
				TARGETED_DEVICE_FAMILY = "1,2";
			};
			name = Debug;
		};
		A9CAFC3829894EAD00D66CFF /* Release */ = {
			isa = XCBuildConfiguration;
			baseConfigurationReference = 60FB38523E59B769903C7366 /* Pods-SelectorCardModule.release.xcconfig */;
			buildSettings = {
				ASSETCATALOG_COMPILER_APPICON_NAME = AppIcon;
				ASSETCATALOG_COMPILER_GLOBAL_ACCENT_COLOR_NAME = AccentColor;
				ASSETCATALOG_COMPILER_INCLUDE_ALL_APPICON_ASSETS = YES;
				CODE_SIGN_STYLE = Automatic;
				CURRENT_PROJECT_VERSION = 1;
				GENERATE_INFOPLIST_FILE = YES;
				INFOPLIST_FILE = SelectorCardModule/Info.plist;
				INFOPLIST_KEY_UIApplicationSupportsIndirectInputEvents = YES;
				INFOPLIST_KEY_UILaunchStoryboardName = LaunchScreen;
				INFOPLIST_KEY_UIStatusBarStyle = "";
				INFOPLIST_KEY_UISupportedInterfaceOrientations_iPad = "UIInterfaceOrientationPortrait UIInterfaceOrientationPortraitUpsideDown UIInterfaceOrientationLandscapeLeft UIInterfaceOrientationLandscapeRight";
				INFOPLIST_KEY_UISupportedInterfaceOrientations_iPhone = "UIInterfaceOrientationPortrait UIInterfaceOrientationLandscapeLeft UIInterfaceOrientationLandscapeRight";
				LD_RUNPATH_SEARCH_PATHS = (
					"$(inherited)",
					"@executable_path/Frameworks",
				);
				MARKETING_VERSION = 1.0;
				PRODUCT_BUNDLE_IDENTIFIER = com.alicat.moviexplorer.SelectorCardModule;
				PRODUCT_NAME = "$(TARGET_NAME)";
				SWIFT_EMIT_LOC_STRINGS = YES;
				SWIFT_VERSION = 5.0;
				TARGETED_DEVICE_FAMILY = "1,2";
			};
			name = Release;
		};
		A9CAFC3A29894EAD00D66CFF /* Debug */ = {
			isa = XCBuildConfiguration;
			baseConfigurationReference = 6AE283EEB822C42BEF089F1C /* Pods-SelectorCardModuleTests.debug.xcconfig */;
			buildSettings = {
				ALWAYS_EMBED_SWIFT_STANDARD_LIBRARIES = YES;
				BUNDLE_LOADER = "$(TEST_HOST)";
				CODE_SIGN_STYLE = Automatic;
				CURRENT_PROJECT_VERSION = 1;
				GENERATE_INFOPLIST_FILE = YES;
				IPHONEOS_DEPLOYMENT_TARGET = 16.2;
				MARKETING_VERSION = 1.0;
				PRODUCT_BUNDLE_IDENTIFIER = com.alicat.moviexplorer.SelectorCardModuleTests;
				PRODUCT_NAME = "$(TARGET_NAME)";
				SWIFT_EMIT_LOC_STRINGS = NO;
				SWIFT_VERSION = 5.0;
				TARGETED_DEVICE_FAMILY = "1,2";
				TEST_HOST = "$(BUILT_PRODUCTS_DIR)/SelectorCardModule.app/$(BUNDLE_EXECUTABLE_FOLDER_PATH)/SelectorCardModule";
			};
			name = Debug;
		};
		A9CAFC3B29894EAD00D66CFF /* Release */ = {
			isa = XCBuildConfiguration;
			baseConfigurationReference = 3D5765AA7CA4115DC909AA48 /* Pods-SelectorCardModuleTests.release.xcconfig */;
			buildSettings = {
				ALWAYS_EMBED_SWIFT_STANDARD_LIBRARIES = YES;
				BUNDLE_LOADER = "$(TEST_HOST)";
				CODE_SIGN_STYLE = Automatic;
				CURRENT_PROJECT_VERSION = 1;
				GENERATE_INFOPLIST_FILE = YES;
				IPHONEOS_DEPLOYMENT_TARGET = 16.2;
				MARKETING_VERSION = 1.0;
				PRODUCT_BUNDLE_IDENTIFIER = com.alicat.moviexplorer.SelectorCardModuleTests;
				PRODUCT_NAME = "$(TARGET_NAME)";
				SWIFT_EMIT_LOC_STRINGS = NO;
				SWIFT_VERSION = 5.0;
				TARGETED_DEVICE_FAMILY = "1,2";
				TEST_HOST = "$(BUILT_PRODUCTS_DIR)/SelectorCardModule.app/$(BUNDLE_EXECUTABLE_FOLDER_PATH)/SelectorCardModule";
			};
			name = Release;
		};
		A9CAFC3D29894EAD00D66CFF /* Debug */ = {
			isa = XCBuildConfiguration;
			baseConfigurationReference = 4940CBC775556C22EB9045AB /* Pods-SelectorCardModule-SelectorCardModuleUITests.debug.xcconfig */;
			buildSettings = {
				ALWAYS_EMBED_SWIFT_STANDARD_LIBRARIES = YES;
				CODE_SIGN_STYLE = Automatic;
				CURRENT_PROJECT_VERSION = 1;
				GENERATE_INFOPLIST_FILE = YES;
				MARKETING_VERSION = 1.0;
				PRODUCT_BUNDLE_IDENTIFIER = com.alicat.moviexplorer.SelectorCardModuleUITests;
				PRODUCT_NAME = "$(TARGET_NAME)";
				SWIFT_EMIT_LOC_STRINGS = NO;
				SWIFT_VERSION = 5.0;
				TARGETED_DEVICE_FAMILY = "1,2";
				TEST_TARGET_NAME = SelectorCardModule;
			};
			name = Debug;
		};
		A9CAFC3E29894EAD00D66CFF /* Release */ = {
			isa = XCBuildConfiguration;
			baseConfigurationReference = 05CFCA33D4858962BEFC9EE2 /* Pods-SelectorCardModule-SelectorCardModuleUITests.release.xcconfig */;
			buildSettings = {
				ALWAYS_EMBED_SWIFT_STANDARD_LIBRARIES = YES;
				CODE_SIGN_STYLE = Automatic;
				CURRENT_PROJECT_VERSION = 1;
				GENERATE_INFOPLIST_FILE = YES;
				MARKETING_VERSION = 1.0;
				PRODUCT_BUNDLE_IDENTIFIER = com.alicat.moviexplorer.SelectorCardModuleUITests;
				PRODUCT_NAME = "$(TARGET_NAME)";
				SWIFT_EMIT_LOC_STRINGS = NO;
				SWIFT_VERSION = 5.0;
				TARGETED_DEVICE_FAMILY = "1,2";
				TEST_TARGET_NAME = SelectorCardModule;
			};
			name = Release;
		};
/* End XCBuildConfiguration section */

/* Begin XCConfigurationList section */
		A9CAFC0729894EAB00D66CFF /* Build configuration list for PBXProject "SelectorCardModule" */ = {
			isa = XCConfigurationList;
			buildConfigurations = (
				A9CAFC3429894EAD00D66CFF /* Debug */,
				A9CAFC3529894EAD00D66CFF /* Release */,
			);
			defaultConfigurationIsVisible = 0;
			defaultConfigurationName = Release;
		};
		A9CAFC3629894EAD00D66CFF /* Build configuration list for PBXNativeTarget "SelectorCardModule" */ = {
			isa = XCConfigurationList;
			buildConfigurations = (
				A9CAFC3729894EAD00D66CFF /* Debug */,
				A9CAFC3829894EAD00D66CFF /* Release */,
			);
			defaultConfigurationIsVisible = 0;
			defaultConfigurationName = Release;
		};
		A9CAFC3929894EAD00D66CFF /* Build configuration list for PBXNativeTarget "SelectorCardModuleTests" */ = {
			isa = XCConfigurationList;
			buildConfigurations = (
				A9CAFC3A29894EAD00D66CFF /* Debug */,
				A9CAFC3B29894EAD00D66CFF /* Release */,
			);
			defaultConfigurationIsVisible = 0;
			defaultConfigurationName = Release;
		};
		A9CAFC3C29894EAD00D66CFF /* Build configuration list for PBXNativeTarget "SelectorCardModuleUITests" */ = {
			isa = XCConfigurationList;
			buildConfigurations = (
				A9CAFC3D29894EAD00D66CFF /* Debug */,
				A9CAFC3E29894EAD00D66CFF /* Release */,
			);
			defaultConfigurationIsVisible = 0;
			defaultConfigurationName = Release;
		};
/* End XCConfigurationList section */
	};
	rootObject = A9CAFC0429894EAB00D66CFF /* Project object */;
}
